lockfileVersion: '9.0'

settings:
  autoInstallPeers: true
  excludeLinksFromLockfile: false

importers:

  .:
    dependencies:
      '@ai-sdk/openai-compatible':
        specifier: ^2.0.2
        version: 2.0.2(zod@4.3.5)

packages:

  '@ai-sdk/openai-compatible@2.0.2':
    resolution: {integrity: sha512-9HFztZv9FBC7UxdLaA+gGKKEQjVNnI3nRmc6mRDPW5z5czvVKMrRgoXqjsYGbv+3giOXsVlRITHsrPswGn6O1w==}
    engines: {node: '>=18'}
    peerDependencies:
      zod: ^3.25.76 || ^4.1.8

  '@ai-sdk/provider-utils@4.0.2':
    resolution: {integrity: sha512-KaykkuRBdF/ffpI5bwpL4aSCmO/99p8/ci+VeHwJO8tmvXtiVAb99QeyvvvXmL61e9Zrvv4GBGoajW19xdjkVQ==}
    engines: {node: '>=18'}
    peerDependencies:
      zod: ^3.25.76 || ^4.1.8

  '@ai-sdk/provider@3.0.1':
    resolution: {integrity: sha512-2lR4w7mr9XrydzxBSjir4N6YMGdXD+Np1Sh0RXABh7tWdNFFwIeRI1Q+SaYZMbfL8Pg8RRLcrxQm51yxTLhokg==}
    engines: {node: '>=18'}

  '@standard-schema/spec@1.1.0':
    resolution: {integrity: sha512-l2aFy5jALhniG5HgqrD6jXLi/rUWrKvqN/qJx6yoJsgKhblVd+iqqU4RCXavm/jPityDo5TCvKMnpjKnOriy0w==}

  eventsource-parser@3.0.6:
    resolution: {integrity: sha512-Vo1ab+QXPzZ4tCa8SwIHJFaSzy4R6SHf7BY79rFBDf0idraZWAkYrDjDj8uWaSm3S2TK+hJ7/t1CEmZ7jXw+pg==}
    engines: {node: '>=18.0.0'}

  json-schema@0.4.0:
    resolution: {integrity: sha512-es94M3nTIfsEPisRafak+HDLfHXnKBhV3vU5eqPcS3flIWqcxJWgXHXiey3YrpaNsanY5ei1VoYEbOzijuq9BA==}

  zod@4.3.5:
    resolution: {integrity: sha512-k7Nwx6vuWx1IJ9Bjuf4Zt1PEllcwe7cls3VNzm4CQ1/hgtFUK2bRNG3rvnpPUhFjmqJKAKtjV576KnUkHocg/g==}

snapshots:

  '@ai-sdk/openai-compatible@2.0.2(zod@4.3.5)':
    dependencies:
      '@ai-sdk/provider': 3.0.1
      '@ai-sdk/provider-utils': 4.0.2(zod@4.3.5)
      zod: 4.3.5

  '@ai-sdk/provider-utils@4.0.2(zod@4.3.5)':
    dependencies:
      '@ai-sdk/provider': 3.0.1
      '@standard-schema/spec': 1.1.0
      eventsource-parser: 3.0.6
      zod: 4.3.5

  '@ai-sdk/provider@3.0.1':
    dependencies:
      json-schema: 0.4.0

  '@standard-schema/spec@1.1.0': {}

  eventsource-parser@3.0.6: {}

  json-schema@0.4.0: {}

  zod@4.3.5: {}
